<Solution>
  <Folder Name="/src/" />
  <Folder Name="/src/Api/">
    <Project Path="src/Api/FieldPulse.Api.csproj" />
  </Folder>
  <Folder Name="/src/Core/">
    <Project Path="src/Core/FieldPulse.Core.csproj" />
  </Folder>
  <Folder Name="/src/Infrastructure/">
    <Project Path="src/Infrastructure/FieldPulse.Infrastructure.csproj" />
  </Folder>
  <Folder Name="/src/Shared/">
    <Project Path="src/Shared/FieldPulse.Shared.csproj" />
  </Folder>
  <Folder Name="/src/Workers/">
    <Project Path="src/Workers/FieldPulse.Workers.csproj" />
  </Folder>
</Solution>
