<Solution>
  <Folder Name="/src/" />
  <Folder Name="/src/Api/">
    <Project Path="src/Api/Sakinah.Api.csproj" />
  </Folder>
  <Folder Name="/src/Core/">
    <Project Path="src/Core/Sakinah.Core.csproj" />
  </Folder>
  <Folder Name="/src/Infrastructure/">
    <Project Path="src/Infrastructure/Sakinah.Infrastructure.csproj" />
  </Folder>
  <Folder Name="/src/Shared/">
    <Project Path="src/Shared/Sakinah.Shared.csproj" />
  </Folder>
  <Folder Name="/src/Workers/">
    <Project Path="src/Workers/Sakinah.Workers.csproj" />
  </Folder>
</Solution>
